
Microsoft Visual Studio Solution File, Format Version 12.00
# Visual Studio Version 16
VisualStudioVersion = 16.0.29503.13
MinimumVisualStudioVersion = 10.0.40219.1
Project("{2150E333-8FDC-42A3-9474-1A3956D46DE8}") = "src", "src", "{D80764A9-13A3-4501-AB5F-B9D296679DD4}"
EndProject
Project("{2150E333-8FDC-42A3-9474-1A3956D46DE8}") = "tests", "tests", "{FA58C5A9-F434-4795-8E80-479ECD969EAF}"
EndProject
Project("{9A19103F-16F7-4668-BE54-9A1E7A4F7556}") = "TesteTecnicoWay2Tests", "tests\TesteTecnicoWay2Tests\TesteTecnicoWay2Tests.csproj", "{EF1A8795-C0E5-4AB6-8784-5556FAF6B2D7}"
EndProject
Project("{9A19103F-16F7-4668-BE54-9A1E7A4F7556}") = "TesteTecnicoWay2Console", "src\TesteTecnicoWay2Console\TesteTecnicoWay2Console.csproj", "{DC5EE237-2417-48EF-B79F-5CBDAD1DC883}"
EndProject
Global
	GlobalSection(SolutionConfigurationPlatforms) = preSolution
		Debug|Any CPU = Debug|Any CPU
		Release|Any CPU = Release|Any CPU
	EndGlobalSection
	GlobalSection(ProjectConfigurationPlatforms) = postSolution
		{EF1A8795-C0E5-4AB6-8784-5556FAF6B2D7}.Debug|Any CPU.ActiveCfg = Debug|Any CPU
		{EF1A8795-C0E5-4AB6-8784-5556FAF6B2D7}.Debug|Any CPU.Build.0 = Debug|Any CPU
		{EF1A8795-C0E5-4AB6-8784-5556FAF6B2D7}.Release|Any CPU.ActiveCfg = Release|Any CPU
		{EF1A8795-C0E5-4AB6-8784-5556FAF6B2D7}.Release|Any CPU.Build.0 = Release|Any CPU
		{DC5EE237-2417-48EF-B79F-5CBDAD1DC883}.Debug|Any CPU.ActiveCfg = Debug|Any CPU
		{DC5EE237-2417-48EF-B79F-5CBDAD1DC883}.Debug|Any CPU.Build.0 = Debug|Any CPU
		{DC5EE237-2417-48EF-B79F-5CBDAD1DC883}.Release|Any CPU.ActiveCfg = Release|Any CPU
		{DC5EE237-2417-48EF-B79F-5CBDAD1DC883}.Release|Any CPU.Build.0 = Release|Any CPU
	EndGlobalSection
	GlobalSection(SolutionProperties) = preSolution
		HideSolutionNode = FALSE
	EndGlobalSection
	GlobalSection(NestedProjects) = preSolution
		{EF1A8795-C0E5-4AB6-8784-5556FAF6B2D7} = {FA58C5A9-F434-4795-8E80-479ECD969EAF}
		{DC5EE237-2417-48EF-B79F-5CBDAD1DC883} = {D80764A9-13A3-4501-AB5F-B9D296679DD4}
	EndGlobalSection
	GlobalSection(ExtensibilityGlobals) = postSolution
		SolutionGuid = {46F25745-45D3-4B75-A145-B3D11DE39BEF}
	EndGlobalSection
EndGlobal
